// !$*UTF8*$!
{
	archiveVersion = 1;
	classes = {
	};
	objectVersion = 56;
	objects = {

/* Begin PBXBuildFile section */
		B713FA302ADADEAC004C109C /* EditProfileView.swift in Sources */ = {isa = PBXBuildFile; fileRef = B713FA2F2ADADEAC004C109C /* EditProfileView.swift */; };
		B767990E2AD7D48E006BAF19 /* FeedView.swift in Sources */ = {isa = PBXBuildFile; fileRef = B767990D2AD7D48E006BAF19 /* FeedView.swift */; };
		B76799122AD7D515006BAF19 /* ExploreView.swift in Sources */ = {isa = PBXBuildFile; fileRef = B76799112AD7D515006BAF19 /* ExploreView.swift */; };
		B76799172AD7D5EA006BAF19 /* ThreadCreation.swift in Sources */ = {isa = PBXBuildFile; fileRef = B76799162AD7D5EA006BAF19 /* ThreadCreation.swift */; };
		B767991B2AD7D6A1006BAF19 /* ActivityView.swift in Sources */ = {isa = PBXBuildFile; fileRef = B767991A2AD7D6A1006BAF19 /* ActivityView.swift */; };
		B767991F2AD7D702006BAF19 /* ProfileView.swift in Sources */ = {isa = PBXBuildFile; fileRef = B767991E2AD7D702006BAF19 /* ProfileView.swift */; };
		B76799212AD7DAAC006BAF19 /* ThreadCell.swift in Sources */ = {isa = PBXBuildFile; fileRef = B76799202AD7DAAC006BAF19 /* ThreadCell.swift */; };
		B76799242AD7EE6F006BAF19 /* CircularProfileImageView.swift in Sources */ = {isa = PBXBuildFile; fileRef = B76799232AD7EE6F006BAF19 /* CircularProfileImageView.swift */; };
		B76799262AD7EF28006BAF19 /* UserCell.swift in Sources */ = {isa = PBXBuildFile; fileRef = B76799252AD7EF28006BAF19 /* UserCell.swift */; };
		B76799292AD809A0006BAF19 /* ProfileThreadFilter.swift in Sources */ = {isa = PBXBuildFile; fileRef = B76799282AD809A0006BAF19 /* ProfileThreadFilter.swift */; };
		B7DC999D2AD589C1004D576D /* ThreadsCloneApp.swift in Sources */ = {isa = PBXBuildFile; fileRef = B7DC999C2AD589C1004D576D /* ThreadsCloneApp.swift */; };
		B7DC999F2AD589C1004D576D /* ContentView.swift in Sources */ = {isa = PBXBuildFile; fileRef = B7DC999E2AD589C1004D576D /* ContentView.swift */; };
		B7DC99A12AD589C3004D576D /* Assets.xcassets in Resources */ = {isa = PBXBuildFile; fileRef = B7DC99A02AD589C3004D576D /* Assets.xcassets */; };
		B7DC99A52AD589C3004D576D /* Preview Assets.xcassets in Resources */ = {isa = PBXBuildFile; fileRef = B7DC99A42AD589C3004D576D /* Preview Assets.xcassets */; };
		B7DC99B62AD597F2004D576D /* LoginView.swift in Sources */ = {isa = PBXBuildFile; fileRef = B7DC99B52AD597F2004D576D /* LoginView.swift */; };
		B7DC99B82AD6E1E9004D576D /* RegistrationView.swift in Sources */ = {isa = PBXBuildFile; fileRef = B7DC99B72AD6E1E9004D576D /* RegistrationView.swift */; };
		B7DC99BB2AD6E9AC004D576D /* ThreadsTextFieldModifier.swift in Sources */ = {isa = PBXBuildFile; fileRef = B7DC99BA2AD6E9AC004D576D /* ThreadsTextFieldModifier.swift */; };
		B7DC99BE2AD7CC0B004D576D /* ThreadsTabView.swift in Sources */ = {isa = PBXBuildFile; fileRef = B7DC99BD2AD7CC0B004D576D /* ThreadsTabView.swift */; };
/* End PBXBuildFile section */

/* Begin PBXFileReference section */
		B713FA2F2ADADEAC004C109C /* EditProfileView.swift */ = {isa = PBXFileReference; lastKnownFileType = sourcecode.swift; path = EditProfileView.swift; sourceTree = "<group>"; };
		B767990D2AD7D48E006BAF19 /* FeedView.swift */ = {isa = PBXFileReference; lastKnownFileType = sourcecode.swift; path = FeedView.swift; sourceTree = "<group>"; };
		B76799112AD7D515006BAF19 /* ExploreView.swift */ = {isa = PBXFileReference; lastKnownFileType = sourcecode.swift; path = ExploreView.swift; sourceTree = "<group>"; };
		B76799162AD7D5EA006BAF19 /* ThreadCreation.swift */ = {isa = PBXFileReference; lastKnownFileType = sourcecode.swift; path = ThreadCreation.swift; sourceTree = "<group>"; };
		B767991A2AD7D6A1006BAF19 /* ActivityView.swift */ = {isa = PBXFileReference; lastKnownFileType = sourcecode.swift; path = ActivityView.swift; sourceTree = "<group>"; };
		B767991E2AD7D702006BAF19 /* ProfileView.swift */ = {isa = PBXFileReference; lastKnownFileType = sourcecode.swift; path = ProfileView.swift; sourceTree = "<group>"; };
		B76799202AD7DAAC006BAF19 /* ThreadCell.swift */ = {isa = PBXFileReference; lastKnownFileType = sourcecode.swift; path = ThreadCell.swift; sourceTree = "<group>"; };
		B76799232AD7EE6F006BAF19 /* CircularProfileImageView.swift */ = {isa = PBXFileReference; lastKnownFileType = sourcecode.swift; path = CircularProfileImageView.swift; sourceTree = "<group>"; };
		B76799252AD7EF28006BAF19 /* UserCell.swift */ = {isa = PBXFileReference; lastKnownFileType = sourcecode.swift; path = UserCell.swift; sourceTree = "<group>"; };
		B76799282AD809A0006BAF19 /* ProfileThreadFilter.swift */ = {isa = PBXFileReference; lastKnownFileType = sourcecode.swift; path = ProfileThreadFilter.swift; sourceTree = "<group>"; };
		B7DC99992AD589C1004D576D /* ThreadsClone.app */ = {isa = PBXFileReference; explicitFileType = wrapper.application; includeInIndex = 0; path = ThreadsClone.app; sourceTree = BUILT_PRODUCTS_DIR; };
		B7DC999C2AD589C1004D576D /* ThreadsCloneApp.swift */ = {isa = PBXFileReference; lastKnownFileType = sourcecode.swift; path = ThreadsCloneApp.swift; sourceTree = "<group>"; };
		B7DC999E2AD589C1004D576D /* ContentView.swift */ = {isa = PBXFileReference; lastKnownFileType = sourcecode.swift; path = ContentView.swift; sourceTree = "<group>"; };
		B7DC99A02AD589C3004D576D /* Assets.xcassets */ = {isa = PBXFileReference; lastKnownFileType = folder.assetcatalog; path = Assets.xcassets; sourceTree = "<group>"; };
		B7DC99A22AD589C3004D576D /* ThreadsClone.entitlements */ = {isa = PBXFileReference; lastKnownFileType = text.plist.entitlements; path = ThreadsClone.entitlements; sourceTree = "<group>"; };
		B7DC99A42AD589C3004D576D /* Preview Assets.xcassets */ = {isa = PBXFileReference; lastKnownFileType = folder.assetcatalog; path = "Preview Assets.xcassets"; sourceTree = "<group>"; };
		B7DC99B52AD597F2004D576D /* LoginView.swift */ = {isa = PBXFileReference; lastKnownFileType = sourcecode.swift; path = LoginView.swift; sourceTree = "<group>"; };
		B7DC99B72AD6E1E9004D576D /* RegistrationView.swift */ = {isa = PBXFileReference; lastKnownFileType = sourcecode.swift; path = RegistrationView.swift; sourceTree = "<group>"; };
		B7DC99BA2AD6E9AC004D576D /* ThreadsTextFieldModifier.swift */ = {isa = PBXFileReference; lastKnownFileType = sourcecode.swift; path = ThreadsTextFieldModifier.swift; sourceTree = "<group>"; };
		B7DC99BD2AD7CC0B004D576D /* ThreadsTabView.swift */ = {isa = PBXFileReference; lastKnownFileType = sourcecode.swift; path = ThreadsTabView.swift; sourceTree = "<group>"; };
/* End PBXFileReference section */

/* Begin PBXFrameworksBuildPhase section */
		B7DC99962AD589C1004D576D /* Frameworks */ = {
			isa = PBXFrameworksBuildPhase;
			buildActionMask = 2147483647;
			files = (
			);
			runOnlyForDeploymentPostprocessing = 0;
		};
/* End PBXFrameworksBuildPhase section */

/* Begin PBXGroup section */
		B713FA2D2ADAD376004C109C /* EditProfile */ = {
			isa = PBXGroup;
			children = (
				B713FA2E2ADADE8D004C109C /* View */,
			);
			path = EditProfile;
			sourceTree = "<group>";
		};
		B713FA2E2ADADE8D004C109C /* View */ = {
			isa = PBXGroup;
			children = (
				B713FA2F2ADADEAC004C109C /* EditProfileView.swift */,
			);
			path = View;
			sourceTree = "<group>";
		};
		B767990B2AD7D430006BAF19 /* Feed */ = {
			isa = PBXGroup;
			children = (
				B767990C2AD7D442006BAF19 /* View */,
			);
			path = Feed;
			sourceTree = "<group>";
		};
		B767990C2AD7D442006BAF19 /* View */ = {
			isa = PBXGroup;
			children = (
				B767990D2AD7D48E006BAF19 /* FeedView.swift */,
				B76799202AD7DAAC006BAF19 /* ThreadCell.swift */,
			);
			path = View;
			sourceTree = "<group>";
		};
		B767990F2AD7D4DC006BAF19 /* Explore */ = {
			isa = PBXGroup;
			children = (
				B76799102AD7D4F7006BAF19 /* View */,
			);
			path = Explore;
			sourceTree = "<group>";
		};
		B76799102AD7D4F7006BAF19 /* View */ = {
			isa = PBXGroup;
			children = (
				B76799112AD7D515006BAF19 /* ExploreView.swift */,
				B76799252AD7EF28006BAF19 /* UserCell.swift */,
			);
			path = View;
			sourceTree = "<group>";
		};
		B76799132AD7D542006BAF19 /* ThreadCreation */ = {
			isa = PBXGroup;
			children = (
				B76799142AD7D5BA006BAF19 /* View */,
			);
			path = ThreadCreation;
			sourceTree = "<group>";
		};
		B76799142AD7D5BA006BAF19 /* View */ = {
			isa = PBXGroup;
			children = (
				B76799162AD7D5EA006BAF19 /* ThreadCreation.swift */,
			);
			path = View;
			sourceTree = "<group>";
		};
		B76799182AD7D670006BAF19 /* Activity */ = {
			isa = PBXGroup;
			children = (
				B76799192AD7D67C006BAF19 /* View */,
			);
			path = Activity;
			sourceTree = "<group>";
		};
		B76799192AD7D67C006BAF19 /* View */ = {
			isa = PBXGroup;
			children = (
				B767991A2AD7D6A1006BAF19 /* ActivityView.swift */,
			);
			path = View;
			sourceTree = "<group>";
		};
		B767991C2AD7D6DA006BAF19 /* Profile */ = {
			isa = PBXGroup;
			children = (
				B713FA2D2ADAD376004C109C /* EditProfile */,
				B76799272AD8096B006BAF19 /* Model */,
				B767991D2AD7D6E2006BAF19 /* View */,
			);
			path = Profile;
			sourceTree = "<group>";
		};
		B767991D2AD7D6E2006BAF19 /* View */ = {
			isa = PBXGroup;
			children = (
				B767991E2AD7D702006BAF19 /* ProfileView.swift */,
			);
			path = View;
			sourceTree = "<group>";
		};
		B76799222AD7EE3A006BAF19 /* Components */ = {
			isa = PBXGroup;
			children = (
				B76799232AD7EE6F006BAF19 /* CircularProfileImageView.swift */,
			);
			path = Components;
			sourceTree = "<group>";
		};
		B76799272AD8096B006BAF19 /* Model */ = {
			isa = PBXGroup;
			children = (
				B76799282AD809A0006BAF19 /* ProfileThreadFilter.swift */,
			);
			path = Model;
			sourceTree = "<group>";
		};
		B7DC99902AD589C1004D576D = {
			isa = PBXGroup;
			children = (
				B7DC999B2AD589C1004D576D /* ThreadsClone */,
				B7DC999A2AD589C1004D576D /* Products */,
			);
			sourceTree = "<group>";
		};
		B7DC999A2AD589C1004D576D /* Products */ = {
			isa = PBXGroup;
			children = (
				B7DC99992AD589C1004D576D /* ThreadsClone.app */,
			);
			name = Products;
			sourceTree = "<group>";
		};
		B7DC999B2AD589C1004D576D /* ThreadsClone */ = {
			isa = PBXGroup;
			children = (
				B7DC99B12AD5969A004D576D /* App */,
				B7DC99AF2AD59670004D576D /* Core */,
				B7DC99AE2AD5966A004D576D /* Extensions */,
				B7DC99AD2AD59666004D576D /* Model */,
				B7DC99AC2AD59662004D576D /* Services */,
				B7DC99AB2AD59652004D576D /* Utils */,
				B7DC99A02AD589C3004D576D /* Assets.xcassets */,
				B7DC99A22AD589C3004D576D /* ThreadsClone.entitlements */,
				B7DC99A32AD589C3004D576D /* Preview Content */,
			);
			path = ThreadsClone;
			sourceTree = "<group>";
		};
		B7DC99A32AD589C3004D576D /* Preview Content */ = {
			isa = PBXGroup;
			children = (
				B7DC99A42AD589C3004D576D /* Preview Assets.xcassets */,
			);
			path = "Preview Content";
			sourceTree = "<group>";
		};
		B7DC99AB2AD59652004D576D /* Utils */ = {
			isa = PBXGroup;
			children = (
				B7DC99B92AD6E535004D576D /* ViewModifiers */,
			);
			path = Utils;
			sourceTree = "<group>";
		};
		B7DC99AC2AD59662004D576D /* Services */ = {
			isa = PBXGroup;
			children = (
			);
			path = Services;
			sourceTree = "<group>";
		};
		B7DC99AD2AD59666004D576D /* Model */ = {
			isa = PBXGroup;
			children = (
			);
			path = Model;
			sourceTree = "<group>";
		};
		B7DC99AE2AD5966A004D576D /* Extensions */ = {
			isa = PBXGroup;
			children = (
			);
			path = Extensions;
			sourceTree = "<group>";
		};
		B7DC99AF2AD59670004D576D /* Core */ = {
			isa = PBXGroup;
			children = (
				B76799222AD7EE3A006BAF19 /* Components */,
				B767991C2AD7D6DA006BAF19 /* Profile */,
				B76799182AD7D670006BAF19 /* Activity */,
				B76799132AD7D542006BAF19 /* ThreadCreation */,
				B767990F2AD7D4DC006BAF19 /* Explore */,
				B767990B2AD7D430006BAF19 /* Feed */,
				B7DC99B22AD597A5004D576D /* Authentication */,
				B7DC99B32AD597B2004D576D /* Root */,
				B7DC99BC2AD7CBC1004D576D /* TabBar */,
			);
			path = Core;
			sourceTree = "<group>";
		};
		B7DC99B12AD5969A004D576D /* App */ = {
			isa = PBXGroup;
			children = (
				B7DC999C2AD589C1004D576D /* ThreadsCloneApp.swift */,
			);
			path = App;
			sourceTree = "<group>";
		};
		B7DC99B22AD597A5004D576D /* Authentication */ = {
			isa = PBXGroup;
			children = (
				B7DC99B42AD597CA004D576D /* Views */,
			);
			path = Authentication;
			sourceTree = "<group>";
		};
		B7DC99B32AD597B2004D576D /* Root */ = {
			isa = PBXGroup;
			children = (
				B7DC999E2AD589C1004D576D /* ContentView.swift */,
			);
			path = Root;
			sourceTree = "<group>";
		};
		B7DC99B42AD597CA004D576D /* Views */ = {
			isa = PBXGroup;
			children = (
				B7DC99B52AD597F2004D576D /* LoginView.swift */,
				B7DC99B72AD6E1E9004D576D /* RegistrationView.swift */,
			);
			path = Views;
			sourceTree = "<group>";
		};
		B7DC99B92AD6E535004D576D /* ViewModifiers */ = {
			isa = PBXGroup;
			children = (
				B7DC99BA2AD6E9AC004D576D /* ThreadsTextFieldModifier.swift */,
			);
			path = ViewModifiers;
			sourceTree = "<group>";
		};
		B7DC99BC2AD7CBC1004D576D /* TabBar */ = {
			isa = PBXGroup;
			children = (
				B7DC99BD2AD7CC0B004D576D /* ThreadsTabView.swift */,
			);
			path = TabBar;
			sourceTree = "<group>";
		};
/* End PBXGroup section */

/* Begin PBXNativeTarget section */
		B7DC99982AD589C1004D576D /* ThreadsClone */ = {
			isa = PBXNativeTarget;
			buildConfigurationList = B7DC99A82AD589C3004D576D /* Build configuration list for PBXNativeTarget "ThreadsClone" */;
			buildPhases = (
				B7DC99952AD589C1004D576D /* Sources */,
				B7DC99962AD589C1004D576D /* Frameworks */,
				B7DC99972AD589C1004D576D /* Resources */,
			);
			buildRules = (
			);
			dependencies = (
			);
			name = ThreadsClone;
			productName = ThreadsClone;
			productReference = B7DC99992AD589C1004D576D /* ThreadsClone.app */;
			productType = "com.apple.product-type.application";
		};
/* End PBXNativeTarget section */

/* Begin PBXProject section */
		B7DC99912AD589C1004D576D /* Project object */ = {
			isa = PBXProject;
			attributes = {
				BuildIndependentTargetsInParallel = 1;
				LastSwiftUpdateCheck = 1430;
				LastUpgradeCheck = 1430;
				TargetAttributes = {
					B7DC99982AD589C1004D576D = {
						CreatedOnToolsVersion = 14.3;
					};
				};
			};
			buildConfigurationList = B7DC99942AD589C1004D576D /* Build configuration list for PBXProject "ThreadsClone" */;
			compatibilityVersion = "Xcode 14.0";
			developmentRegion = en;
			hasScannedForEncodings = 0;
			knownRegions = (
				en,
				Base,
			);
			mainGroup = B7DC99902AD589C1004D576D;
			productRefGroup = B7DC999A2AD589C1004D576D /* Products */;
			projectDirPath = "";
			projectRoot = "";
			targets = (
				B7DC99982AD589C1004D576D /* ThreadsClone */,
			);
		};
/* End PBXProject section */

/* Begin PBXResourcesBuildPhase section */
		B7DC99972AD589C1004D576D /* Resources */ = {
			isa = PBXResourcesBuildPhase;
			buildActionMask = 2147483647;
			files = (
				B7DC99A52AD589C3004D576D /* Preview Assets.xcassets in Resources */,
				B7DC99A12AD589C3004D576D /* Assets.xcassets in Resources */,
			);
			runOnlyForDeploymentPostprocessing = 0;
		};
/* End PBXResourcesBuildPhase section */

/* Begin PBXSourcesBuildPhase section */
		B7DC99952AD589C1004D576D /* Sources */ = {
			isa = PBXSourcesBuildPhase;
			buildActionMask = 2147483647;
			files = (
				B767990E2AD7D48E006BAF19 /* FeedView.swift in Sources */,
				B7DC99B62AD597F2004D576D /* LoginView.swift in Sources */,
				B713FA302ADADEAC004C109C /* EditProfileView.swift in Sources */,
				B7DC999F2AD589C1004D576D /* ContentView.swift in Sources */,
				B76799212AD7DAAC006BAF19 /* ThreadCell.swift in Sources */,
				B767991B2AD7D6A1006BAF19 /* ActivityView.swift in Sources */,
				B76799242AD7EE6F006BAF19 /* CircularProfileImageView.swift in Sources */,
				B76799262AD7EF28006BAF19 /* UserCell.swift in Sources */,
				B76799172AD7D5EA006BAF19 /* ThreadCreation.swift in Sources */,
				B76799292AD809A0006BAF19 /* ProfileThreadFilter.swift in Sources */,
				B7DC99BE2AD7CC0B004D576D /* ThreadsTabView.swift in Sources */,
				B7DC99BB2AD6E9AC004D576D /* ThreadsTextFieldModifier.swift in Sources */,
				B7DC999D2AD589C1004D576D /* ThreadsCloneApp.swift in Sources */,
				B76799122AD7D515006BAF19 /* ExploreView.swift in Sources */,
				B767991F2AD7D702006BAF19 /* ProfileView.swift in Sources */,
				B7DC99B82AD6E1E9004D576D /* RegistrationView.swift in Sources */,
			);
			runOnlyForDeploymentPostprocessing = 0;
		};
/* End PBXSourcesBuildPhase section */

/* Begin XCBuildConfiguration section */
		B7DC99A62AD589C3004D576D /* Debug */ = {
			isa = XCBuildConfiguration;
			buildSettings = {
				ALWAYS_SEARCH_USER_PATHS = NO;
				CLANG_ANALYZER_NONNULL = YES;
				CLANG_ANALYZER_NUMBER_OBJECT_CONVERSION = YES_AGGRESSIVE;
				CLANG_CXX_LANGUAGE_STANDARD = "gnu++20";
				CLANG_ENABLE_MODULES = YES;
				CLANG_ENABLE_OBJC_ARC = YES;
				CLANG_ENABLE_OBJC_WEAK = YES;
				CLANG_WARN_BLOCK_CAPTURE_AUTORELEASING = YES;
				CLANG_WARN_BOOL_CONVERSION = YES;
				CLANG_WARN_COMMA = YES;
				CLANG_WARN_CONSTANT_CONVERSION = YES;
				CLANG_WARN_DEPRECATED_OBJC_IMPLEMENTATIONS = YES;
				CLANG_WARN_DIRECT_OBJC_ISA_USAGE = YES_ERROR;
				CLANG_WARN_DOCUMENTATION_COMMENTS = YES;
				CLANG_WARN_EMPTY_BODY = YES;
				CLANG_WARN_ENUM_CONVERSION = YES;
				CLANG_WARN_INFINITE_RECURSION = YES;
				CLANG_WARN_INT_CONVERSION = YES;
				CLANG_WARN_NON_LITERAL_NULL_CONVERSION = YES;
				CLANG_WARN_OBJC_IMPLICIT_RETAIN_SELF = YES;
				CLANG_WARN_OBJC_LITERAL_CONVERSION = YES;
				CLANG_WARN_OBJC_ROOT_CLASS = YES_ERROR;
				CLANG_WARN_QUOTED_INCLUDE_IN_FRAMEWORK_HEADER = YES;
				CLANG_WARN_RANGE_LOOP_ANALYSIS = YES;
				CLANG_WARN_STRICT_PROTOTYPES = YES;
				CLANG_WARN_SUSPICIOUS_MOVE = YES;
				CLANG_WARN_UNGUARDED_AVAILABILITY = YES_AGGRESSIVE;
				CLANG_WARN_UNREACHABLE_CODE = YES;
				CLANG_WARN__DUPLICATE_METHOD_MATCH = YES;
				COPY_PHASE_STRIP = NO;
				DEBUG_INFORMATION_FORMAT = dwarf;
				ENABLE_STRICT_OBJC_MSGSEND = YES;
				ENABLE_TESTABILITY = YES;
				GCC_C_LANGUAGE_STANDARD = gnu11;
				GCC_DYNAMIC_NO_PIC = NO;
				GCC_NO_COMMON_BLOCKS = YES;
				GCC_OPTIMIZATION_LEVEL = 0;
				GCC_PREPROCESSOR_DEFINITIONS = (
					"DEBUG=1",
					"$(inherited)",
				);
				GCC_WARN_64_TO_32_BIT_CONVERSION = YES;
				GCC_WARN_ABOUT_RETURN_TYPE = YES_ERROR;
				GCC_WARN_UNDECLARED_SELECTOR = YES;
				GCC_WARN_UNINITIALIZED_AUTOS = YES_AGGRESSIVE;
				GCC_WARN_UNUSED_FUNCTION = YES;
				GCC_WARN_UNUSED_VARIABLE = YES;
				MTL_ENABLE_DEBUG_INFO = INCLUDE_SOURCE;
				MTL_FAST_MATH = YES;
				ONLY_ACTIVE_ARCH = YES;
				SWIFT_ACTIVE_COMPILATION_CONDITIONS = DEBUG;
				SWIFT_OPTIMIZATION_LEVEL = "-Onone";
			};
			name = Debug;
		};
		B7DC99A72AD589C3004D576D /* Release */ = {
			isa = XCBuildConfiguration;
			buildSettings = {
				ALWAYS_SEARCH_USER_PATHS = NO;
				CLANG_ANALYZER_NONNULL = YES;
				CLANG_ANALYZER_NUMBER_OBJECT_CONVERSION = YES_AGGRESSIVE;
				CLANG_CXX_LANGUAGE_STANDARD = "gnu++20";
				CLANG_ENABLE_MODULES = YES;
				CLANG_ENABLE_OBJC_ARC = YES;
				CLANG_ENABLE_OBJC_WEAK = YES;
				CLANG_WARN_BLOCK_CAPTURE_AUTORELEASING = YES;
				CLANG_WARN_BOOL_CONVERSION = YES;
				CLANG_WARN_COMMA = YES;
				CLANG_WARN_CONSTANT_CONVERSION = YES;
				CLANG_WARN_DEPRECATED_OBJC_IMPLEMENTATIONS = YES;
				CLANG_WARN_DIRECT_OBJC_ISA_USAGE = YES_ERROR;
				CLANG_WARN_DOCUMENTATION_COMMENTS = YES;
				CLANG_WARN_EMPTY_BODY = YES;
				CLANG_WARN_ENUM_CONVERSION = YES;
				CLANG_WARN_INFINITE_RECURSION = YES;
				CLANG_WARN_INT_CONVERSION = YES;
				CLANG_WARN_NON_LITERAL_NULL_CONVERSION = YES;
				CLANG_WARN_OBJC_IMPLICIT_RETAIN_SELF = YES;
				CLANG_WARN_OBJC_LITERAL_CONVERSION = YES;
				CLANG_WARN_OBJC_ROOT_CLASS = YES_ERROR;
				CLANG_WARN_QUOTED_INCLUDE_IN_FRAMEWORK_HEADER = YES;
				CLANG_WARN_RANGE_LOOP_ANALYSIS = YES;
				CLANG_WARN_STRICT_PROTOTYPES = YES;
				CLANG_WARN_SUSPICIOUS_MOVE = YES;
				CLANG_WARN_UNGUARDED_AVAILABILITY = YES_AGGRESSIVE;
				CLANG_WARN_UNREACHABLE_CODE = YES;
				CLANG_WARN__DUPLICATE_METHOD_MATCH = YES;
				COPY_PHASE_STRIP = NO;
				DEBUG_INFORMATION_FORMAT = "dwarf-with-dsym";
				ENABLE_NS_ASSERTIONS = NO;
				ENABLE_STRICT_OBJC_MSGSEND = YES;
				GCC_C_LANGUAGE_STANDARD = gnu11;
				GCC_NO_COMMON_BLOCKS = YES;
				GCC_WARN_64_TO_32_BIT_CONVERSION = YES;
				GCC_WARN_ABOUT_RETURN_TYPE = YES_ERROR;
				GCC_WARN_UNDECLARED_SELECTOR = YES;
				GCC_WARN_UNINITIALIZED_AUTOS = YES_AGGRESSIVE;
				GCC_WARN_UNUSED_FUNCTION = YES;
				GCC_WARN_UNUSED_VARIABLE = YES;
				MTL_ENABLE_DEBUG_INFO = NO;
				MTL_FAST_MATH = YES;
				SWIFT_COMPILATION_MODE = wholemodule;
				SWIFT_OPTIMIZATION_LEVEL = "-O";
			};
			name = Release;
		};
		B7DC99A92AD589C3004D576D /* Debug */ = {
			isa = XCBuildConfiguration;
			buildSettings = {
				ASSETCATALOG_COMPILER_APPICON_NAME = AppIcon;
				ASSETCATALOG_COMPILER_GLOBAL_ACCENT_COLOR_NAME = AccentColor;
				CODE_SIGN_ENTITLEMENTS = ThreadsClone/ThreadsClone.entitlements;
				CODE_SIGN_STYLE = Automatic;
				CURRENT_PROJECT_VERSION = 1;
				DEVELOPMENT_ASSET_PATHS = "\"ThreadsClone/Preview Content\"";
				DEVELOPMENT_TEAM = 2DCB9U785T;
				ENABLE_HARDENED_RUNTIME = YES;
				ENABLE_PREVIEWS = YES;
				GENERATE_INFOPLIST_FILE = YES;
				"INFOPLIST_KEY_UIApplicationSceneManifest_Generation[sdk=iphoneos*]" = YES;
				"INFOPLIST_KEY_UIApplicationSceneManifest_Generation[sdk=iphonesimulator*]" = YES;
				"INFOPLIST_KEY_UIApplicationSupportsIndirectInputEvents[sdk=iphoneos*]" = YES;
				"INFOPLIST_KEY_UIApplicationSupportsIndirectInputEvents[sdk=iphonesimulator*]" = YES;
				"INFOPLIST_KEY_UILaunchScreen_Generation[sdk=iphoneos*]" = YES;
				"INFOPLIST_KEY_UILaunchScreen_Generation[sdk=iphonesimulator*]" = YES;
				"INFOPLIST_KEY_UIStatusBarStyle[sdk=iphoneos*]" = UIStatusBarStyleDefault;
				"INFOPLIST_KEY_UIStatusBarStyle[sdk=iphonesimulator*]" = UIStatusBarStyleDefault;
				INFOPLIST_KEY_UISupportedInterfaceOrientations_iPad = "UIInterfaceOrientationPortrait UIInterfaceOrientationPortraitUpsideDown UIInterfaceOrientationLandscapeLeft UIInterfaceOrientationLandscapeRight";
				INFOPLIST_KEY_UISupportedInterfaceOrientations_iPhone = "UIInterfaceOrientationPortrait UIInterfaceOrientationLandscapeLeft UIInterfaceOrientationLandscapeRight";
				IPHONEOS_DEPLOYMENT_TARGET = 16.4;
				LD_RUNPATH_SEARCH_PATHS = "@executable_path/Frameworks";
				"LD_RUNPATH_SEARCH_PATHS[sdk=macosx*]" = "@executable_path/../Frameworks";
				MACOSX_DEPLOYMENT_TARGET = 13.3;
				MARKETING_VERSION = 1.0;
				PRODUCT_BUNDLE_IDENTIFIER = com.tharindu.ThreadsClone;
				PRODUCT_NAME = "$(TARGET_NAME)";
				SDKROOT = auto;
				SUPPORTED_PLATFORMS = "iphoneos iphonesimulator macosx";
				SWIFT_EMIT_LOC_STRINGS = YES;
				SWIFT_VERSION = 5.0;
				TARGETED_DEVICE_FAMILY = "1,2";
			};
			name = Debug;
		};
		B7DC99AA2AD589C3004D576D /* Release */ = {
			isa = XCBuildConfiguration;
			buildSettings = {
				ASSETCATALOG_COMPILER_APPICON_NAME = AppIcon;
				ASSETCATALOG_COMPILER_GLOBAL_ACCENT_COLOR_NAME = AccentColor;
				CODE_SIGN_ENTITLEMENTS = ThreadsClone/ThreadsClone.entitlements;
				CODE_SIGN_STYLE = Automatic;
				CURRENT_PROJECT_VERSION = 1;
				DEVELOPMENT_ASSET_PATHS = "\"ThreadsClone/Preview Content\"";
				DEVELOPMENT_TEAM = 2DCB9U785T;
				ENABLE_HARDENED_RUNTIME = YES;
				ENABLE_PREVIEWS = YES;
				GENERATE_INFOPLIST_FILE = YES;
				"INFOPLIST_KEY_UIApplicationSceneManifest_Generation[sdk=iphoneos*]" = YES;
				"INFOPLIST_KEY_UIApplicationSceneManifest_Generation[sdk=iphonesimulator*]" = YES;
				"INFOPLIST_KEY_UIApplicationSupportsIndirectInputEvents[sdk=iphoneos*]" = YES;
				"INFOPLIST_KEY_UIApplicationSupportsIndirectInputEvents[sdk=iphonesimulator*]" = YES;
				"INFOPLIST_KEY_UILaunchScreen_Generation[sdk=iphoneos*]" = YES;
				"INFOPLIST_KEY_UILaunchScreen_Generation[sdk=iphonesimulator*]" = YES;
				"INFOPLIST_KEY_UIStatusBarStyle[sdk=iphoneos*]" = UIStatusBarStyleDefault;
				"INFOPLIST_KEY_UIStatusBarStyle[sdk=iphonesimulator*]" = UIStatusBarStyleDefault;
				INFOPLIST_KEY_UISupportedInterfaceOrientations_iPad = "UIInterfaceOrientationPortrait UIInterfaceOrientationPortraitUpsideDown UIInterfaceOrientationLandscapeLeft UIInterfaceOrientationLandscapeRight";
				INFOPLIST_KEY_UISupportedInterfaceOrientations_iPhone = "UIInterfaceOrientationPortrait UIInterfaceOrientationLandscapeLeft UIInterfaceOrientationLandscapeRight";
				IPHONEOS_DEPLOYMENT_TARGET = 16.4;
				LD_RUNPATH_SEARCH_PATHS = "@executable_path/Frameworks";
				"LD_RUNPATH_SEARCH_PATHS[sdk=macosx*]" = "@executable_path/../Frameworks";
				MACOSX_DEPLOYMENT_TARGET = 13.3;
				MARKETING_VERSION = 1.0;
				PRODUCT_BUNDLE_IDENTIFIER = com.tharindu.ThreadsClone;
				PRODUCT_NAME = "$(TARGET_NAME)";
				SDKROOT = auto;
				SUPPORTED_PLATFORMS = "iphoneos iphonesimulator macosx";
				SWIFT_EMIT_LOC_STRINGS = YES;
				SWIFT_VERSION = 5.0;
				TARGETED_DEVICE_FAMILY = "1,2";
			};
			name = Release;
		};
/* End XCBuildConfiguration section */

/* Begin XCConfigurationList section */
		B7DC99942AD589C1004D576D /* Build configuration list for PBXProject "ThreadsClone" */ = {
			isa = XCConfigurationList;
			buildConfigurations = (
				B7DC99A62AD589C3004D576D /* Debug */,
				B7DC99A72AD589C3004D576D /* Release */,
			);
			defaultConfigurationIsVisible = 0;
			defaultConfigurationName = Release;
		};
		B7DC99A82AD589C3004D576D /* Build configuration list for PBXNativeTarget "ThreadsClone" */ = {
			isa = XCConfigurationList;
			buildConfigurations = (
				B7DC99A92AD589C3004D576D /* Debug */,
				B7DC99AA2AD589C3004D576D /* Release */,
			);
			defaultConfigurationIsVisible = 0;
			defaultConfigurationName = Release;
		};
/* End XCConfigurationList section */
	};
	rootObject = B7DC99912AD589C1004D576D /* Project object */;
}
